
Microsoft Visual Studio Solution File, Format Version 12.00
# Visual Studio Version 17
VisualStudioVersion = 17.8.34525.116
MinimumVisualStudioVersion = 10.0.40219.1
Project("{8BC9CEB8-8B4A-11D0-8D11-00A0C91BC942}") = "vector", "vector\vector.vcxproj", "{A34F8E8E-04F5-4C1D-9EE6-2B116D63D4E5}"
EndProject
Project("{8BC9CEB8-8B4A-11D0-8D11-00A0C91BC942}") = "VectorTest", "VectorTest\VectorTest.vcxproj", "{837AA987-46E2-4180-BEF5-8B158A366A99}"
EndProject
Global
	GlobalSection(SolutionConfigurationPlatforms) = preSolution
		Debug|x64 = Debug|x64
		Debug|x86 = Debug|x86
		Release|x64 = Release|x64
		Release|x86 = Release|x86
	EndGlobalSection
	GlobalSection(ProjectConfigurationPlatforms) = postSolution
		{A34F8E8E-04F5-4C1D-9EE6-2B116D63D4E5}.Debug|x64.ActiveCfg = Debug|x64
		{A34F8E8E-04F5-4C1D-9EE6-2B116D63D4E5}.Debug|x64.Build.0 = Debug|x64
		{A34F8E8E-04F5-4C1D-9EE6-2B116D63D4E5}.Debug|x86.ActiveCfg = Debug|Win32
		{A34F8E8E-04F5-4C1D-9EE6-2B116D63D4E5}.Debug|x86.Build.0 = Debug|Win32
		{A34F8E8E-04F5-4C1D-9EE6-2B116D63D4E5}.Release|x64.ActiveCfg = Release|x64
		{A34F8E8E-04F5-4C1D-9EE6-2B116D63D4E5}.Release|x64.Build.0 = Release|x64
		{A34F8E8E-04F5-4C1D-9EE6-2B116D63D4E5}.Release|x86.ActiveCfg = Release|Win32
		{A34F8E8E-04F5-4C1D-9EE6-2B116D63D4E5}.Release|x86.Build.0 = Release|Win32
		{837AA987-46E2-4180-BEF5-8B158A366A99}.Debug|x64.ActiveCfg = Debug|x64
		{837AA987-46E2-4180-BEF5-8B158A366A99}.Debug|x64.Build.0 = Debug|x64
		{837AA987-46E2-4180-BEF5-8B158A366A99}.Debug|x86.ActiveCfg = Debug|Win32
		{837AA987-46E2-4180-BEF5-8B158A366A99}.Debug|x86.Build.0 = Debug|Win32
		{837AA987-46E2-4180-BEF5-8B158A366A99}.Release|x64.ActiveCfg = Release|x64
		{837AA987-46E2-4180-BEF5-8B158A366A99}.Release|x64.Build.0 = Release|x64
		{837AA987-46E2-4180-BEF5-8B158A366A99}.Release|x86.ActiveCfg = Release|Win32
		{837AA987-46E2-4180-BEF5-8B158A366A99}.Release|x86.Build.0 = Release|Win32
	EndGlobalSection
	GlobalSection(SolutionProperties) = preSolution
		HideSolutionNode = FALSE
	EndGlobalSection
	GlobalSection(ExtensibilityGlobals) = postSolution
		SolutionGuid = {8E2528ED-103C-43B9-B7F4-8DEFBA11AC5F}
	EndGlobalSection
EndGlobal
