
Microsoft Visual Studio Solution File, Format Version 12.00
# Visual Studio Version 17
VisualStudioVersion = 17.8.34525.116
MinimumVisualStudioVersion = 10.0.40219.1
Project("{8BC9CEB8-8B4A-11D0-8D11-00A0C91BC942}") = "Radix", "Radix\Radix.vcxproj", "{A3A84E2F-65C5-48E9-B411-B76492E7E2FD}"
EndProject
Project("{8BC9CEB8-8B4A-11D0-8D11-00A0C91BC942}") = "RadixTest", "RadixTest\RadixTest.vcxproj", "{57CEED8A-48F0-4B56-BE6A-E132F8A03B16}"
	ProjectSection(ProjectDependencies) = postProject
		{A3A84E2F-65C5-48E9-B411-B76492E7E2FD} = {A3A84E2F-65C5-48E9-B411-B76492E7E2FD}
	EndProjectSection
EndProject
Global
	GlobalSection(SolutionConfigurationPlatforms) = preSolution
		Debug|x64 = Debug|x64
		Debug|x86 = Debug|x86
		Release|x64 = Release|x64
		Release|x86 = Release|x86
	EndGlobalSection
	GlobalSection(ProjectConfigurationPlatforms) = postSolution
		{A3A84E2F-65C5-48E9-B411-B76492E7E2FD}.Debug|x64.ActiveCfg = Debug|x64
		{A3A84E2F-65C5-48E9-B411-B76492E7E2FD}.Debug|x64.Build.0 = Debug|x64
		{A3A84E2F-65C5-48E9-B411-B76492E7E2FD}.Debug|x86.ActiveCfg = Debug|Win32
		{A3A84E2F-65C5-48E9-B411-B76492E7E2FD}.Debug|x86.Build.0 = Debug|Win32
		{A3A84E2F-65C5-48E9-B411-B76492E7E2FD}.Release|x64.ActiveCfg = Release|x64
		{A3A84E2F-65C5-48E9-B411-B76492E7E2FD}.Release|x64.Build.0 = Release|x64
		{A3A84E2F-65C5-48E9-B411-B76492E7E2FD}.Release|x86.ActiveCfg = Release|Win32
		{A3A84E2F-65C5-48E9-B411-B76492E7E2FD}.Release|x86.Build.0 = Release|Win32
		{57CEED8A-48F0-4B56-BE6A-E132F8A03B16}.Debug|x64.ActiveCfg = Debug|x64
		{57CEED8A-48F0-4B56-BE6A-E132F8A03B16}.Debug|x64.Build.0 = Debug|x64
		{57CEED8A-48F0-4B56-BE6A-E132F8A03B16}.Debug|x86.ActiveCfg = Debug|Win32
		{57CEED8A-48F0-4B56-BE6A-E132F8A03B16}.Debug|x86.Build.0 = Debug|Win32
		{57CEED8A-48F0-4B56-BE6A-E132F8A03B16}.Release|x64.ActiveCfg = Release|x64
		{57CEED8A-48F0-4B56-BE6A-E132F8A03B16}.Release|x64.Build.0 = Release|x64
		{57CEED8A-48F0-4B56-BE6A-E132F8A03B16}.Release|x86.ActiveCfg = Release|Win32
		{57CEED8A-48F0-4B56-BE6A-E132F8A03B16}.Release|x86.Build.0 = Release|Win32
	EndGlobalSection
	GlobalSection(SolutionProperties) = preSolution
		HideSolutionNode = FALSE
	EndGlobalSection
	GlobalSection(ExtensibilityGlobals) = postSolution
		SolutionGuid = {B94B8FF1-3E82-4FF1-B6F5-2C60A54EB25E}
	EndGlobalSection
EndGlobal
